
Microsoft Visual Studio Solution File, Format Version 12.00
# Visual Studio Version 16
VisualStudioVersion = 16.0.29613.14
MinimumVisualStudioVersion = 10.0.40219.1
Project("{FAE04EC0-301F-11D3-BF4B-00C04F79EFBC}") = "EMart", "EMart.csproj", "{BCE716CB-9B85-427E-9477-6A23B9877570}"
EndProject
Global
	GlobalSection(SolutionConfigurationPlatforms) = preSolution
		Debug|Any CPU = Debug|Any CPU
		Release|Any CPU = Release|Any CPU
	EndGlobalSection
	GlobalSection(ProjectConfigurationPlatforms) = postSolution
		{BCE716CB-9B85-427E-9477-6A23B9877570}.Debug|Any CPU.ActiveCfg = Debug|Any CPU
		{BCE716CB-9B85-427E-9477-6A23B9877570}.Debug|Any CPU.Build.0 = Debug|Any CPU
		{BCE716CB-9B85-427E-9477-6A23B9877570}.Release|Any CPU.ActiveCfg = Release|Any CPU
		{BCE716CB-9B85-427E-9477-6A23B9877570}.Release|Any CPU.Build.0 = Release|Any CPU
	EndGlobalSection
	GlobalSection(SolutionProperties) = preSolution
		HideSolutionNode = FALSE
	EndGlobalSection
	GlobalSection(ExtensibilityGlobals) = postSolution
		SolutionGuid = {4141648B-7DCD-4C36-AF3C-C1177D0471F3}
	EndGlobalSection
EndGlobal
